{
  "name": "Binance",
  "version": "1.0.0",
  "lockfileVersion": 1,
  "requires": true,
  "dependencies": {
    "axios": {
      "version": "0.21.1",
      "resolved": "https://artifactory.softplan.com.br/artifactory/api/npm/npm/axios/-/axios-0.21.1.tgz",
      "integrity": "sha1-IlY0gZYvTWvemnbVFu8OXTwJsrg=",
      "requires": {
        "follow-redirects": "^1.10.0"
      }
    },
    "dotenv": {
      "version": "8.2.0",
      "resolved": "https://artifactory.softplan.com.br/artifactory/api/npm/npm/dotenv/-/dotenv-8.2.0.tgz",
      "integrity": "sha1-l+YZJZradQ7qPk6j4mvO6lQksWo="
    },
    "follow-redirects": {
      "version": "1.13.3",
      "resolved": "https://artifactory.softplan.com.br/artifactory/api/npm/npm/follow-redirects/-/follow-redirects-1.13.3.tgz",
      "integrity": "sha1-5VmK1QF0wbxOhyMB6CrCzZf5Amc="
    }
  }
}
